<?xml version="1.0" encoding="utf-8"?>
<Project ToolsVersion="16.0" xmlns="http://schemas.microsoft.com/developer/msbuild/2003">
  <ItemGroup>
    <ClCompile Include="C:\Users\ASUS\Downloads\UMaze_ECS\game\src\ECS\Systems\RenderSystem.cpp">
      <Filter>Source Files</Filter>
    </ClCompile>
    <ClCompile Include="C:\Users\ASUS\Downloads\UMaze_ECS\game\src\ECS\Systems\MovementSystem.cpp">
      <Filter>Source Files</Filter>
    </ClCompile>
    <ClCompile Include="C:\Users\ASUS\Downloads\UMaze_ECS\game\src\ECS\Systems\ItemsCollectionSystem.cpp">
      <Filter>Source Files</Filter>
    </ClCompile>
    <ClCompile Include="C:\Users\ASUS\Downloads\UMaze_ECS\game\src\ECS\Systems\CollisionSystem.cpp">
      <Filter>Source Files</Filter>
    </ClCompile>
    <ClCompile Include="C:\Users\ASUS\Downloads\UMaze_ECS\game\src\ECS\Systems\AIMovementSystem.cpp">
      <Filter>Source Files</Filter>
    </ClCompile>
    <ClCompile Include="C:\Users\ASUS\Downloads\UMaze_ECS\game\src\ECS\Systems\BehaviourSystem.cpp">
      <Filter>Source Files</Filter>
    </ClCompile>
    <ClCompile Include="C:\Users\ASUS\Downloads\UMaze_ECS\game\src\ECS\Systems\LevelControlSystem.cpp">
      <Filter>Source Files</Filter>
    </ClCompile>
    <ClCompile Include="C:\Users\ASUS\Downloads\UMaze_ECS\game\src\ECS\Systems\PlayerInputControlSystem.cpp">
      <Filter>Source Files</Filter>
    </ClCompile>
  </ItemGroup>
  <ItemGroup>
    <ClInclude Include="C:\Users\ASUS\Downloads\UMaze_ECS\game\src\ECS\Systems\RenderSystem.hpp">
      <Filter>Header Files</Filter>
    </ClInclude>
    <ClInclude Include="C:\Users\ASUS\Downloads\UMaze_ECS\game\src\ECS\Systems\MovementSystem.hpp">
      <Filter>Header Files</Filter>
    </ClInclude>
    <ClInclude Include="C:\Users\ASUS\Downloads\UMaze_ECS\game\src\ECS\Systems\ItemsCollectionSystem.hpp">
      <Filter>Header Files</Filter>
    </ClInclude>
    <ClInclude Include="C:\Users\ASUS\Downloads\UMaze_ECS\game\src\ECS\Systems\CollisionSystem.hpp">
      <Filter>Header Files</Filter>
    </ClInclude>
    <ClInclude Include="C:\Users\ASUS\Downloads\UMaze_ECS\game\src\ECS\Systems\AIMovementSystem.hpp">
      <Filter>Header Files</Filter>
    </ClInclude>
    <ClInclude Include="C:\Users\ASUS\Downloads\UMaze_ECS\game\src\ECS\Systems\BehaviourSystem.hpp">
      <Filter>Header Files</Filter>
    </ClInclude>
    <ClInclude Include="C:\Users\ASUS\Downloads\UMaze_ECS\game\src\ECS\Systems\PlayerInputControlSystem.hpp">
      <Filter>Header Files</Filter>
    </ClInclude>
    <ClInclude Include="C:\Users\ASUS\Downloads\UMaze_ECS\game\src\ECS\Events\CollectionEvent.hpp">
      <Filter>Header Files</Filter>
    </ClInclude>
    <ClInclude Include="C:\Users\ASUS\Downloads\UMaze_ECS\game\src\ECS\Events\CollisionEvent.hpp">
      <Filter>Header Files</Filter>
    </ClInclude>
    <ClInclude Include="C:\Users\ASUS\Downloads\UMaze_ECS\game\src\ECS\Events\TargetingEvent.hpp">
      <Filter>Header Files</Filter>
    </ClInclude>
    <ClInclude Include="C:\Users\ASUS\Downloads\UMaze_ECS\game\src\ECS\Events\BehaviourEvent.hpp">
      <Filter>Header Files</Filter>
    </ClInclude>
    <ClInclude Include="C:\Users\ASUS\Downloads\UMaze_ECS\game\src\ECS\Events\LivesEvent.hpp">
      <Filter>Header Files</Filter>
    </ClInclude>
    <ClInclude Include="C:\Users\ASUS\Downloads\UMaze_ECS\game\src\ECS\Events\GameOverEvent.hpp">
      <Filter>Header Files</Filter>
    </ClInclude>
    <ClInclude Include="C:\Users\ASUS\Downloads\UMaze_ECS\game\src\ECS\Components\Transform.hpp">
      <Filter>Header Files</Filter>
    </ClInclude>
    <ClInclude Include="C:\Users\ASUS\Downloads\UMaze_ECS\game\src\ECS\Components\Animation.hpp">
      <Filter>Header Files</Filter>
    </ClInclude>
    <ClInclude Include="C:\Users\ASUS\Downloads\UMaze_ECS\game\src\ECS\Components\Movement.hpp">
      <Filter>Header Files</Filter>
    </ClInclude>
    <ClInclude Include="C:\Users\ASUS\Downloads\UMaze_ECS\game\src\ECS\Components\MapTileRenderer.hpp">
      <Filter>Header Files</Filter>
    </ClInclude>
    <ClInclude Include="C:\Users\ASUS\Downloads\UMaze_ECS\game\src\ECS\Components\Bonus.hpp">
      <Filter>Header Files</Filter>
    </ClInclude>
    <ClInclude Include="C:\Users\ASUS\Downloads\UMaze_ECS\game\src\ECS\Components\Collision.hpp">
      <Filter>Header Files</Filter>
    </ClInclude>
    <ClInclude Include="C:\Users\ASUS\Downloads\UMaze_ECS\game\src\ECS\Components\Score.hpp">
      <Filter>Header Files</Filter>
    </ClInclude>
    <ClInclude Include="C:\Users\ASUS\Downloads\UMaze_ECS\game\src\ECS\Components\Lives.hpp">
      <Filter>Header Files</Filter>
    </ClInclude>
    <ClInclude Include="C:\Users\ASUS\Downloads\UMaze_ECS\game\src\ECS\Components\AIMovement.hpp">
      <Filter>Header Files</Filter>
    </ClInclude>
    <ClInclude Include="C:\Users\ASUS\Downloads\UMaze_ECS\game\src\ECS\Components\TunnelPath.hpp">
      <Filter>Header Files</Filter>
    </ClInclude>
    <ClInclude Include="C:\Users\ASUS\Downloads\UMaze_ECS\game\src\ECS\Components\AIBehaviourMode.hpp">
      <Filter>Header Files</Filter>
    </ClInclude>
    <ClInclude Include="C:\Users\ASUS\Downloads\UMaze_ECS\game\src\ECS\Components\PlayerBehaviourMode.hpp">
      <Filter>Header Files</Filter>
    </ClInclude>
    <ClInclude Include="C:\Users\ASUS\Downloads\UMaze_ECS\game\src\ECS\Components\Item.hpp">
      <Filter>Header Files</Filter>
    </ClInclude>
    <ClInclude Include="C:\Users\ASUS\Downloads\UMaze_ECS\game\src\ECS\Components\Input.hpp">
      <Filter>Header Files</Filter>
    </ClInclude>
  </ItemGroup>
  <ItemGroup>
    <CustomBuild Include="C:\Users\ASUS\Downloads\UMaze_ECS\game\src\CMakeLists.txt" />
  </ItemGroup>
  <ItemGroup>
    <Filter Include="Header Files">
      <UniqueIdentifier>{D94AE660-2755-3A73-8EE0-200C84A5294B}</UniqueIdentifier>
    </Filter>
    <Filter Include="Source Files">
      <UniqueIdentifier>{D9C2E58C-818A-3BBC-A19D-508B39C48E84}</UniqueIdentifier>
    </Filter>
  </ItemGroup>
</Project>
