<?xml version="1.0" encoding="utf-8"?>
<Project ToolsVersion="16.0" xmlns="http://schemas.microsoft.com/developer/msbuild/2003">
  <ItemGroup>
    <CustomBuild Include="C:\Users\ASUS\Downloads\UMaze_ECS\build\CMakeFiles\0ea31b9ba477d72dff25f58bd1299a28\INSTALL_force.rule">
      <Filter>CMake Rules</Filter>
    </CustomBuild>
  </ItemGroup>
  <ItemGroup>
    <Filter Include="CMake Rules">
      <UniqueIdentifier>{1C5FE353-0F4B-3042-B4C5-EC71DB90C3A6}</UniqueIdentifier>
    </Filter>
  </ItemGroup>
</Project>
