
Microsoft Visual Studio Solution File, Format Version 12.00
# Visual Studio Version 16
Project("{2150E333-8FDC-42A3-9474-1A3956D46DE8}") = "CMakePredefinedTargets", "CMakePredefinedTargets", "{C5578E9F-8DCE-38FB-8E06-8545DDA9C6EF}"
EndProject
Project("{2150E333-8FDC-42A3-9474-1A3956D46DE8}") = "entityx", "entityx", "{3454AB9D-564E-3264-B84A-4E959A696B72}"
EndProject
Project("{2150E333-8FDC-42A3-9474-1A3956D46DE8}") = "tests", "entityx\tests", "{31A9B3B9-6B89-3893-BA03-0D326B14A97D}"
EndProject
Project("{8BC9CEB8-8B4A-11D0-8D11-00A0C91BC942}") = "ALL_BUILD", "ALL_BUILD.vcxproj", "{3430702A-F778-3A6D-869B-7F6A46F4B8BE}"
	ProjectSection(ProjectDependencies) = postProject
		{1A46EDAE-DE69-389B-9FF0-BFCEBCE47EF0} = {1A46EDAE-DE69-389B-9FF0-BFCEBCE47EF0}
		{FD168A44-9931-33FE-973E-A26040FA84E3} = {FD168A44-9931-33FE-973E-A26040FA84E3}
		{A313CCFF-F9C4-36C2-A49C-161EF93CB3C4} = {A313CCFF-F9C4-36C2-A49C-161EF93CB3C4}
		{CC5AA3E6-4BFC-3553-876B-1EEDCFB07993} = {CC5AA3E6-4BFC-3553-876B-1EEDCFB07993}
		{68C989E5-09D2-3B4F-BC5C-E12F553C1EAA} = {68C989E5-09D2-3B4F-BC5C-E12F553C1EAA}
		{17E6D0A4-4693-3F2A-BBDA-89E609EAB461} = {17E6D0A4-4693-3F2A-BBDA-89E609EAB461}
		{DF4D4002-206B-3200-8651-5A61570C6E08} = {DF4D4002-206B-3200-8651-5A61570C6E08}
		{50C45421-3C3F-31A2-9E39-CF9C067B9951} = {50C45421-3C3F-31A2-9E39-CF9C067B9951}
		{63B0E625-0B44-337D-A7FC-BBA39EF99487} = {63B0E625-0B44-337D-A7FC-BBA39EF99487}
		{7A1F1D37-FBFB-315E-B7F8-C60B9112FAA3} = {7A1F1D37-FBFB-315E-B7F8-C60B9112FAA3}
		{C85F230F-7FC8-3574-90AF-9EFD2DC7850C} = {C85F230F-7FC8-3574-90AF-9EFD2DC7850C}
		{43B90A73-19DD-34C7-9B68-6CB83121E7B3} = {43B90A73-19DD-34C7-9B68-6CB83121E7B3}
		{C1760114-DB6C-3EFD-9996-485717E1A24D} = {C1760114-DB6C-3EFD-9996-485717E1A24D}
		{C32AF2BF-6FBF-36A1-A728-C493D378B915} = {C32AF2BF-6FBF-36A1-A728-C493D378B915}
		{94897E1C-38B0-39D8-A17D-D113E1CA0BB8} = {94897E1C-38B0-39D8-A17D-D113E1CA0BB8}
	EndProjectSection
EndProject
Project("{8BC9CEB8-8B4A-11D0-8D11-00A0C91BC942}") = "Engine", "Engine.vcxproj", "{1A46EDAE-DE69-389B-9FF0-BFCEBCE47EF0}"
	ProjectSection(ProjectDependencies) = postProject
		{FD168A44-9931-33FE-973E-A26040FA84E3} = {FD168A44-9931-33FE-973E-A26040FA84E3}
		{A313CCFF-F9C4-36C2-A49C-161EF93CB3C4} = {A313CCFF-F9C4-36C2-A49C-161EF93CB3C4}
		{CC5AA3E6-4BFC-3553-876B-1EEDCFB07993} = {CC5AA3E6-4BFC-3553-876B-1EEDCFB07993}
		{17E6D0A4-4693-3F2A-BBDA-89E609EAB461} = {17E6D0A4-4693-3F2A-BBDA-89E609EAB461}
		{7A1F1D37-FBFB-315E-B7F8-C60B9112FAA3} = {7A1F1D37-FBFB-315E-B7F8-C60B9112FAA3}
		{94897E1C-38B0-39D8-A17D-D113E1CA0BB8} = {94897E1C-38B0-39D8-A17D-D113E1CA0BB8}
	EndProjectSection
EndProject
Project("{8BC9CEB8-8B4A-11D0-8D11-00A0C91BC942}") = "INSTALL", "INSTALL.vcxproj", "{A868C7FC-A498-30F0-81FB-68B3D930AEC1}"
	ProjectSection(ProjectDependencies) = postProject
		{3430702A-F778-3A6D-869B-7F6A46F4B8BE} = {3430702A-F778-3A6D-869B-7F6A46F4B8BE}
		{17E6D0A4-4693-3F2A-BBDA-89E609EAB461} = {17E6D0A4-4693-3F2A-BBDA-89E609EAB461}
	EndProjectSection
EndProject
Project("{8BC9CEB8-8B4A-11D0-8D11-00A0C91BC942}") = "ImGui", "minikit\external\ImGUI\ImGui.vcxproj", "{FD168A44-9931-33FE-973E-A26040FA84E3}"
	ProjectSection(ProjectDependencies) = postProject
		{CC5AA3E6-4BFC-3553-876B-1EEDCFB07993} = {CC5AA3E6-4BFC-3553-876B-1EEDCFB07993}
		{17E6D0A4-4693-3F2A-BBDA-89E609EAB461} = {17E6D0A4-4693-3F2A-BBDA-89E609EAB461}
	EndProjectSection
EndProject
Project("{8BC9CEB8-8B4A-11D0-8D11-00A0C91BC942}") = "MiniKit.Framework", "minikit\framework\MiniKit.Framework.vcxproj", "{A313CCFF-F9C4-36C2-A49C-161EF93CB3C4}"
	ProjectSection(ProjectDependencies) = postProject
		{FD168A44-9931-33FE-973E-A26040FA84E3} = {FD168A44-9931-33FE-973E-A26040FA84E3}
		{CC5AA3E6-4BFC-3553-876B-1EEDCFB07993} = {CC5AA3E6-4BFC-3553-876B-1EEDCFB07993}
		{17E6D0A4-4693-3F2A-BBDA-89E609EAB461} = {17E6D0A4-4693-3F2A-BBDA-89E609EAB461}
	EndProjectSection
EndProject
Project("{8BC9CEB8-8B4A-11D0-8D11-00A0C91BC942}") = "SDL2-static", "minikit\external\SDL2\SDL2-static.vcxproj", "{CC5AA3E6-4BFC-3553-876B-1EEDCFB07993}"
	ProjectSection(ProjectDependencies) = postProject
		{17E6D0A4-4693-3F2A-BBDA-89E609EAB461} = {17E6D0A4-4693-3F2A-BBDA-89E609EAB461}
	EndProjectSection
EndProject
Project("{8BC9CEB8-8B4A-11D0-8D11-00A0C91BC942}") = "SDL2main", "minikit\external\SDL2\SDL2main.vcxproj", "{68C989E5-09D2-3B4F-BC5C-E12F553C1EAA}"
	ProjectSection(ProjectDependencies) = postProject
		{17E6D0A4-4693-3F2A-BBDA-89E609EAB461} = {17E6D0A4-4693-3F2A-BBDA-89E609EAB461}
	EndProjectSection
EndProject
Project("{8BC9CEB8-8B4A-11D0-8D11-00A0C91BC942}") = "ZERO_CHECK", "..\\ZERO_CHECK.vcxproj", "{17E6D0A4-4693-3F2A-BBDA-89E609EAB461}"
	ProjectSection(ProjectDependencies) = postProject
	EndProjectSection
EndProject
Project("{8BC9CEB8-8B4A-11D0-8D11-00A0C91BC942}") = "benchmarks_test", "external\entityx\benchmarks_test.vcxproj", "{DF4D4002-206B-3200-8651-5A61570C6E08}"
	ProjectSection(ProjectDependencies) = postProject
		{17E6D0A4-4693-3F2A-BBDA-89E609EAB461} = {17E6D0A4-4693-3F2A-BBDA-89E609EAB461}
		{7A1F1D37-FBFB-315E-B7F8-C60B9112FAA3} = {7A1F1D37-FBFB-315E-B7F8-C60B9112FAA3}
	EndProjectSection
EndProject
Project("{8BC9CEB8-8B4A-11D0-8D11-00A0C91BC942}") = "dependencies_test", "external\entityx\dependencies_test.vcxproj", "{50C45421-3C3F-31A2-9E39-CF9C067B9951}"
	ProjectSection(ProjectDependencies) = postProject
		{17E6D0A4-4693-3F2A-BBDA-89E609EAB461} = {17E6D0A4-4693-3F2A-BBDA-89E609EAB461}
		{7A1F1D37-FBFB-315E-B7F8-C60B9112FAA3} = {7A1F1D37-FBFB-315E-B7F8-C60B9112FAA3}
	EndProjectSection
EndProject
Project("{8BC9CEB8-8B4A-11D0-8D11-00A0C91BC942}") = "entity_test", "external\entityx\entity_test.vcxproj", "{63B0E625-0B44-337D-A7FC-BBA39EF99487}"
	ProjectSection(ProjectDependencies) = postProject
		{17E6D0A4-4693-3F2A-BBDA-89E609EAB461} = {17E6D0A4-4693-3F2A-BBDA-89E609EAB461}
		{7A1F1D37-FBFB-315E-B7F8-C60B9112FAA3} = {7A1F1D37-FBFB-315E-B7F8-C60B9112FAA3}
	EndProjectSection
EndProject
Project("{8BC9CEB8-8B4A-11D0-8D11-00A0C91BC942}") = "entityx", "external\entityx\entityx.vcxproj", "{7A1F1D37-FBFB-315E-B7F8-C60B9112FAA3}"
	ProjectSection(ProjectDependencies) = postProject
		{17E6D0A4-4693-3F2A-BBDA-89E609EAB461} = {17E6D0A4-4693-3F2A-BBDA-89E609EAB461}
	EndProjectSection
EndProject
Project("{8BC9CEB8-8B4A-11D0-8D11-00A0C91BC942}") = "event_test", "external\entityx\event_test.vcxproj", "{C85F230F-7FC8-3574-90AF-9EFD2DC7850C}"
	ProjectSection(ProjectDependencies) = postProject
		{17E6D0A4-4693-3F2A-BBDA-89E609EAB461} = {17E6D0A4-4693-3F2A-BBDA-89E609EAB461}
		{7A1F1D37-FBFB-315E-B7F8-C60B9112FAA3} = {7A1F1D37-FBFB-315E-B7F8-C60B9112FAA3}
	EndProjectSection
EndProject
Project("{8BC9CEB8-8B4A-11D0-8D11-00A0C91BC942}") = "pool_test", "external\entityx\pool_test.vcxproj", "{43B90A73-19DD-34C7-9B68-6CB83121E7B3}"
	ProjectSection(ProjectDependencies) = postProject
		{17E6D0A4-4693-3F2A-BBDA-89E609EAB461} = {17E6D0A4-4693-3F2A-BBDA-89E609EAB461}
		{7A1F1D37-FBFB-315E-B7F8-C60B9112FAA3} = {7A1F1D37-FBFB-315E-B7F8-C60B9112FAA3}
	EndProjectSection
EndProject
Project("{8BC9CEB8-8B4A-11D0-8D11-00A0C91BC942}") = "system_test", "external\entityx\system_test.vcxproj", "{C1760114-DB6C-3EFD-9996-485717E1A24D}"
	ProjectSection(ProjectDependencies) = postProject
		{17E6D0A4-4693-3F2A-BBDA-89E609EAB461} = {17E6D0A4-4693-3F2A-BBDA-89E609EAB461}
		{7A1F1D37-FBFB-315E-B7F8-C60B9112FAA3} = {7A1F1D37-FBFB-315E-B7F8-C60B9112FAA3}
	EndProjectSection
EndProject
Project("{8BC9CEB8-8B4A-11D0-8D11-00A0C91BC942}") = "tags_component_test", "external\entityx\tags_component_test.vcxproj", "{C32AF2BF-6FBF-36A1-A728-C493D378B915}"
	ProjectSection(ProjectDependencies) = postProject
		{17E6D0A4-4693-3F2A-BBDA-89E609EAB461} = {17E6D0A4-4693-3F2A-BBDA-89E609EAB461}
		{7A1F1D37-FBFB-315E-B7F8-C60B9112FAA3} = {7A1F1D37-FBFB-315E-B7F8-C60B9112FAA3}
	EndProjectSection
EndProject
Project("{8BC9CEB8-8B4A-11D0-8D11-00A0C91BC942}") = "tmxlite", "external\tmxlite\tmxlite.vcxproj", "{94897E1C-38B0-39D8-A17D-D113E1CA0BB8}"
	ProjectSection(ProjectDependencies) = postProject
		{17E6D0A4-4693-3F2A-BBDA-89E609EAB461} = {17E6D0A4-4693-3F2A-BBDA-89E609EAB461}
	EndProjectSection
EndProject
Project("{8BC9CEB8-8B4A-11D0-8D11-00A0C91BC942}") = "uninstall", "minikit\external\SDL2\uninstall.vcxproj", "{D31BE89D-4C2A-3EF3-8958-B1E9661DDFCD}"
	ProjectSection(ProjectDependencies) = postProject
		{17E6D0A4-4693-3F2A-BBDA-89E609EAB461} = {17E6D0A4-4693-3F2A-BBDA-89E609EAB461}
	EndProjectSection
EndProject
Global
	GlobalSection(SolutionConfigurationPlatforms) = preSolution
		Debug|x64 = Debug|x64
		Release|x64 = Release|x64
	EndGlobalSection
	GlobalSection(ProjectConfigurationPlatforms) = postSolution
		{3430702A-F778-3A6D-869B-7F6A46F4B8BE}.Debug|x64.ActiveCfg = Debug|x64
		{3430702A-F778-3A6D-869B-7F6A46F4B8BE}.Debug|x64.Build.0 = Debug|x64
		{3430702A-F778-3A6D-869B-7F6A46F4B8BE}.Release|x64.ActiveCfg = Release|x64
		{3430702A-F778-3A6D-869B-7F6A46F4B8BE}.Release|x64.Build.0 = Release|x64
		{1A46EDAE-DE69-389B-9FF0-BFCEBCE47EF0}.Debug|x64.ActiveCfg = Debug|x64
		{1A46EDAE-DE69-389B-9FF0-BFCEBCE47EF0}.Debug|x64.Build.0 = Debug|x64
		{1A46EDAE-DE69-389B-9FF0-BFCEBCE47EF0}.Release|x64.ActiveCfg = Release|x64
		{1A46EDAE-DE69-389B-9FF0-BFCEBCE47EF0}.Release|x64.Build.0 = Release|x64
		{A868C7FC-A498-30F0-81FB-68B3D930AEC1}.Debug|x64.ActiveCfg = Debug|x64
		{A868C7FC-A498-30F0-81FB-68B3D930AEC1}.Release|x64.ActiveCfg = Release|x64
		{FD168A44-9931-33FE-973E-A26040FA84E3}.Debug|x64.ActiveCfg = Debug|x64
		{FD168A44-9931-33FE-973E-A26040FA84E3}.Debug|x64.Build.0 = Debug|x64
		{FD168A44-9931-33FE-973E-A26040FA84E3}.Release|x64.ActiveCfg = Release|x64
		{FD168A44-9931-33FE-973E-A26040FA84E3}.Release|x64.Build.0 = Release|x64
		{A313CCFF-F9C4-36C2-A49C-161EF93CB3C4}.Debug|x64.ActiveCfg = Debug|x64
		{A313CCFF-F9C4-36C2-A49C-161EF93CB3C4}.Debug|x64.Build.0 = Debug|x64
		{A313CCFF-F9C4-36C2-A49C-161EF93CB3C4}.Release|x64.ActiveCfg = Release|x64
		{A313CCFF-F9C4-36C2-A49C-161EF93CB3C4}.Release|x64.Build.0 = Release|x64
		{CC5AA3E6-4BFC-3553-876B-1EEDCFB07993}.Debug|x64.ActiveCfg = Debug|x64
		{CC5AA3E6-4BFC-3553-876B-1EEDCFB07993}.Debug|x64.Build.0 = Debug|x64
		{CC5AA3E6-4BFC-3553-876B-1EEDCFB07993}.Release|x64.ActiveCfg = Release|x64
		{CC5AA3E6-4BFC-3553-876B-1EEDCFB07993}.Release|x64.Build.0 = Release|x64
		{68C989E5-09D2-3B4F-BC5C-E12F553C1EAA}.Debug|x64.ActiveCfg = Debug|x64
		{68C989E5-09D2-3B4F-BC5C-E12F553C1EAA}.Debug|x64.Build.0 = Debug|x64
		{68C989E5-09D2-3B4F-BC5C-E12F553C1EAA}.Release|x64.ActiveCfg = Release|x64
		{68C989E5-09D2-3B4F-BC5C-E12F553C1EAA}.Release|x64.Build.0 = Release|x64
		{17E6D0A4-4693-3F2A-BBDA-89E609EAB461}.Debug|x64.ActiveCfg = Debug|x64
		{17E6D0A4-4693-3F2A-BBDA-89E609EAB461}.Debug|x64.Build.0 = Debug|x64
		{17E6D0A4-4693-3F2A-BBDA-89E609EAB461}.Release|x64.ActiveCfg = Release|x64
		{17E6D0A4-4693-3F2A-BBDA-89E609EAB461}.Release|x64.Build.0 = Release|x64
		{DF4D4002-206B-3200-8651-5A61570C6E08}.Debug|x64.ActiveCfg = Debug|x64
		{DF4D4002-206B-3200-8651-5A61570C6E08}.Debug|x64.Build.0 = Debug|x64
		{DF4D4002-206B-3200-8651-5A61570C6E08}.Release|x64.ActiveCfg = Release|x64
		{DF4D4002-206B-3200-8651-5A61570C6E08}.Release|x64.Build.0 = Release|x64
		{50C45421-3C3F-31A2-9E39-CF9C067B9951}.Debug|x64.ActiveCfg = Debug|x64
		{50C45421-3C3F-31A2-9E39-CF9C067B9951}.Debug|x64.Build.0 = Debug|x64
		{50C45421-3C3F-31A2-9E39-CF9C067B9951}.Release|x64.ActiveCfg = Release|x64
		{50C45421-3C3F-31A2-9E39-CF9C067B9951}.Release|x64.Build.0 = Release|x64
		{63B0E625-0B44-337D-A7FC-BBA39EF99487}.Debug|x64.ActiveCfg = Debug|x64
		{63B0E625-0B44-337D-A7FC-BBA39EF99487}.Debug|x64.Build.0 = Debug|x64
		{63B0E625-0B44-337D-A7FC-BBA39EF99487}.Release|x64.ActiveCfg = Release|x64
		{63B0E625-0B44-337D-A7FC-BBA39EF99487}.Release|x64.Build.0 = Release|x64
		{7A1F1D37-FBFB-315E-B7F8-C60B9112FAA3}.Debug|x64.ActiveCfg = Debug|x64
		{7A1F1D37-FBFB-315E-B7F8-C60B9112FAA3}.Debug|x64.Build.0 = Debug|x64
		{7A1F1D37-FBFB-315E-B7F8-C60B9112FAA3}.Release|x64.ActiveCfg = Release|x64
		{7A1F1D37-FBFB-315E-B7F8-C60B9112FAA3}.Release|x64.Build.0 = Release|x64
		{C85F230F-7FC8-3574-90AF-9EFD2DC7850C}.Debug|x64.ActiveCfg = Debug|x64
		{C85F230F-7FC8-3574-90AF-9EFD2DC7850C}.Debug|x64.Build.0 = Debug|x64
		{C85F230F-7FC8-3574-90AF-9EFD2DC7850C}.Release|x64.ActiveCfg = Release|x64
		{C85F230F-7FC8-3574-90AF-9EFD2DC7850C}.Release|x64.Build.0 = Release|x64
		{43B90A73-19DD-34C7-9B68-6CB83121E7B3}.Debug|x64.ActiveCfg = Debug|x64
		{43B90A73-19DD-34C7-9B68-6CB83121E7B3}.Debug|x64.Build.0 = Debug|x64
		{43B90A73-19DD-34C7-9B68-6CB83121E7B3}.Release|x64.ActiveCfg = Release|x64
		{43B90A73-19DD-34C7-9B68-6CB83121E7B3}.Release|x64.Build.0 = Release|x64
		{C1760114-DB6C-3EFD-9996-485717E1A24D}.Debug|x64.ActiveCfg = Debug|x64
		{C1760114-DB6C-3EFD-9996-485717E1A24D}.Debug|x64.Build.0 = Debug|x64
		{C1760114-DB6C-3EFD-9996-485717E1A24D}.Release|x64.ActiveCfg = Release|x64
		{C1760114-DB6C-3EFD-9996-485717E1A24D}.Release|x64.Build.0 = Release|x64
		{C32AF2BF-6FBF-36A1-A728-C493D378B915}.Debug|x64.ActiveCfg = Debug|x64
		{C32AF2BF-6FBF-36A1-A728-C493D378B915}.Debug|x64.Build.0 = Debug|x64
		{C32AF2BF-6FBF-36A1-A728-C493D378B915}.Release|x64.ActiveCfg = Release|x64
		{C32AF2BF-6FBF-36A1-A728-C493D378B915}.Release|x64.Build.0 = Release|x64
		{94897E1C-38B0-39D8-A17D-D113E1CA0BB8}.Debug|x64.ActiveCfg = Debug|x64
		{94897E1C-38B0-39D8-A17D-D113E1CA0BB8}.Debug|x64.Build.0 = Debug|x64
		{94897E1C-38B0-39D8-A17D-D113E1CA0BB8}.Release|x64.ActiveCfg = Release|x64
		{94897E1C-38B0-39D8-A17D-D113E1CA0BB8}.Release|x64.Build.0 = Release|x64
		{D31BE89D-4C2A-3EF3-8958-B1E9661DDFCD}.Debug|x64.ActiveCfg = Debug|x64
		{D31BE89D-4C2A-3EF3-8958-B1E9661DDFCD}.Release|x64.ActiveCfg = Release|x64
	EndGlobalSection
	GlobalSection(NestedProjects) = preSolution
		{3430702A-F778-3A6D-869B-7F6A46F4B8BE} = {C5578E9F-8DCE-38FB-8E06-8545DDA9C6EF}
		{A868C7FC-A498-30F0-81FB-68B3D930AEC1} = {C5578E9F-8DCE-38FB-8E06-8545DDA9C6EF}
		{17E6D0A4-4693-3F2A-BBDA-89E609EAB461} = {C5578E9F-8DCE-38FB-8E06-8545DDA9C6EF}
		{31A9B3B9-6B89-3893-BA03-0D326B14A97D} = {3454AB9D-564E-3264-B84A-4E959A696B72}
		{7A1F1D37-FBFB-315E-B7F8-C60B9112FAA3} = {3454AB9D-564E-3264-B84A-4E959A696B72}
		{DF4D4002-206B-3200-8651-5A61570C6E08} = {31A9B3B9-6B89-3893-BA03-0D326B14A97D}
		{50C45421-3C3F-31A2-9E39-CF9C067B9951} = {31A9B3B9-6B89-3893-BA03-0D326B14A97D}
		{63B0E625-0B44-337D-A7FC-BBA39EF99487} = {31A9B3B9-6B89-3893-BA03-0D326B14A97D}
		{C85F230F-7FC8-3574-90AF-9EFD2DC7850C} = {31A9B3B9-6B89-3893-BA03-0D326B14A97D}
		{43B90A73-19DD-34C7-9B68-6CB83121E7B3} = {31A9B3B9-6B89-3893-BA03-0D326B14A97D}
		{C1760114-DB6C-3EFD-9996-485717E1A24D} = {31A9B3B9-6B89-3893-BA03-0D326B14A97D}
		{C32AF2BF-6FBF-36A1-A728-C493D378B915} = {31A9B3B9-6B89-3893-BA03-0D326B14A97D}
	EndGlobalSection
	GlobalSection(ExtensibilityGlobals) = postSolution
		SolutionGuid = {0EC02F46-BEAE-3EC3-A00E-8FB20016ECBF}
	EndGlobalSection
	GlobalSection(ExtensibilityAddIns) = postSolution
	EndGlobalSection
EndGlobal
